{"archive_sha256": "3e2e1e247be0de1c6b5e27d4c835dbbe6b456f7a0c0dc2e0e90ac18d71fd8385", "checkpoint_directory": "graphify-out/fv-root-cause-20260919/resumable_cd6b_hessian_20261004/checkpoint", "checkpoint_max_attempts": 3, "checkpoint_quota_scope": "Hessian-kernel invocations only; metadata/branch/J/g work is outside this quota", "endpoint_control_sha256": "cd6b5693e2bd32a8a41a3509b87b61e7cf647b03d864dfccc0a4cccce96e908d", "parameters_sha256": "8871db49c227c03f9c155c3250da5acc9c30de3be18334921c464010cd4ad6ed", "source_before_sha256": "b1316d637af48244c972df760469a3b140df6a4f5deb83e051e2aa436ae16d6b"}
